
Microsoft Visual Studio Solution File, Format Version 12.00
# Visual Studio Version 17
VisualStudioVersion = 17.0.32112.339
MinimumVisualStudioVersion = 10.0.40219.1
Project("{FAE04EC0-301F-11D3-BF4B-00C04F79EFBC}") = "HangfireExample", "HangfireExample\HangfireExample.csproj", "{ECFA1D1F-56E3-4EE3-AEF7-DAF6F376E4F5}"
EndProject
Global
	GlobalSection(SolutionConfigurationPlatforms) = preSolution
		Debug|Any CPU = Debug|Any CPU
		Release|Any CPU = Release|Any CPU
	EndGlobalSection
	GlobalSection(ProjectConfigurationPlatforms) = postSolution
		{ECFA1D1F-56E3-4EE3-AEF7-DAF6F376E4F5}.Debug|Any CPU.ActiveCfg = Debug|Any CPU
		{ECFA1D1F-56E3-4EE3-AEF7-DAF6F376E4F5}.Debug|Any CPU.Build.0 = Debug|Any CPU
		{ECFA1D1F-56E3-4EE3-AEF7-DAF6F376E4F5}.Release|Any CPU.ActiveCfg = Release|Any CPU
		{ECFA1D1F-56E3-4EE3-AEF7-DAF6F376E4F5}.Release|Any CPU.Build.0 = Release|Any CPU
	EndGlobalSection
	GlobalSection(SolutionProperties) = preSolution
		HideSolutionNode = FALSE
	EndGlobalSection
	GlobalSection(ExtensibilityGlobals) = postSolution
		SolutionGuid = {16F61EC9-FB20-46DB-A9B8-841212558213}
	EndGlobalSection
EndGlobal
